{
  "originHash" : "c5db20e5004cd7e9d44df7ebaa2a0d267dd76b839208fe2e2abf4af263743d60",
  "pins" : [
    {
      "identity" : "libghostty-spm",
      "kind" : "remoteSourceControl",
      "location" : "https://github.com/lakr233/libghostty-spm.git",
      "state" : {
        "revision" : "356f730bec03281fc7b83666a129b0246137ea26"
      }
    },
    {
      "identity" : "msdisplaylink",
      "kind" : "remoteSourceControl",
      "location" : "https://github.com/Lakr233/MSDisplayLink.git",
      "state" : {
        "revision" : "87eb0af130744c8cbe2e31b6e1a5bcd659f1c220",
        "version" : "2.2.0"
      }
    }
  ],
  "version" : 3
}
